
Microsoft Visual Studio Solution File, Format Version 12.00
# Visual Studio 15
Project("{FAE04EC0-301F-11D3-BF4B-00C04F79EFBC}") = "Assembly-CSharp", "Assembly-CSharp.csproj", "{0A5E5034-5567-DFF0-328C-F8E278DDF50E}"
EndProject
Project("{FAE04EC0-301F-11D3-BF4B-00C04F79EFBC}") = "Meryel.CodeAssist.Editor", "Meryel.CodeAssist.Editor.csproj", "{13CA2A4C-3543-A875-362D-134F2BA0C770}"
EndProject
Global
	GlobalSection(SolutionConfigurationPlatforms) = preSolution
		Debug|Any CPU = Debug|Any CPU
		Release|Any CPU = Release|Any CPU
	EndGlobalSection
	GlobalSection(ProjectConfigurationPlatforms) = postSolution
		{0A5E5034-5567-DFF0-328C-F8E278DDF50E}.Debug|Any CPU.ActiveCfg = Debug|Any CPU
		{0A5E5034-5567-DFF0-328C-F8E278DDF50E}.Debug|Any CPU.Build.0 = Debug|Any CPU
		{0A5E5034-5567-DFF0-328C-F8E278DDF50E}.Release|Any CPU.ActiveCfg = Release|Any CPU
		{0A5E5034-5567-DFF0-328C-F8E278DDF50E}.Release|Any CPU.Build.0 = Release|Any CPU
		{13CA2A4C-3543-A875-362D-134F2BA0C770}.Debug|Any CPU.ActiveCfg = Debug|Any CPU
		{13CA2A4C-3543-A875-362D-134F2BA0C770}.Debug|Any CPU.Build.0 = Debug|Any CPU
		{13CA2A4C-3543-A875-362D-134F2BA0C770}.Release|Any CPU.ActiveCfg = Release|Any CPU
		{13CA2A4C-3543-A875-362D-134F2BA0C770}.Release|Any CPU.Build.0 = Release|Any CPU
	EndGlobalSection
	GlobalSection(SolutionProperties) = preSolution
		HideSolutionNode = FALSE
	EndGlobalSection
EndGlobal
